
Microsoft Visual Studio Solution File, Format Version 12.00
# Visual Studio Version 17
VisualStudioVersion = 17.13.35931.197 d17.13
MinimumVisualStudioVersion = 10.0.40219.1
Project("{FAE04EC0-301F-11D3-BF4B-00C04F79EFBC}") = "E_Commerce", "E_Commerce\E_Commerce.csproj", "{5EF356C5-1ED8-4768-A621-E4E33E8D7B4B}"
EndProject
Global
	GlobalSection(SolutionConfigurationPlatforms) = preSolution
		Debug|Any CPU = Debug|Any CPU
		Release|Any CPU = Release|Any CPU
	EndGlobalSection
	GlobalSection(ProjectConfigurationPlatforms) = postSolution
		{5EF356C5-1ED8-4768-A621-E4E33E8D7B4B}.Debug|Any CPU.ActiveCfg = Debug|Any CPU
		{5EF356C5-1ED8-4768-A621-E4E33E8D7B4B}.Debug|Any CPU.Build.0 = Debug|Any CPU
		{5EF356C5-1ED8-4768-A621-E4E33E8D7B4B}.Release|Any CPU.ActiveCfg = Release|Any CPU
		{5EF356C5-1ED8-4768-A621-E4E33E8D7B4B}.Release|Any CPU.Build.0 = Release|Any CPU
	EndGlobalSection
	GlobalSection(SolutionProperties) = preSolution
		HideSolutionNode = FALSE
	EndGlobalSection
	GlobalSection(ExtensibilityGlobals) = postSolution
		SolutionGuid = {24238BD6-6CA4-4DFF-B206-71134384D85A}
	EndGlobalSection
EndGlobal
